{
  "name": "majmohar.me",
  "lockfileVersion": 3,
  "requires": true,
  "packages": {
    "": {
      "dependencies": {
        "gsap": "^3.12.5",
        "split-text-js": "^1.0.3"
      }
    },
    "node_modules/gsap": {
      "version": "3.12.5",
      "resolved": "https://registry.npmjs.org/gsap/-/gsap-3.12.5.tgz",
      "integrity": "sha512-srBfnk4n+Oe/ZnMIOXt3gT605BX9x5+rh/prT2F1SsNJsU1XuMiP0E2aptW481OnonOGACZWBqseH5Z7csHxhQ=="
    },
    "node_modules/split-text-js": {
      "version": "1.0.3",
      "resolved": "https://registry.npmjs.org/split-text-js/-/split-text-js-1.0.3.tgz",
      "integrity": "sha512-M27Ou2Vje/d5PK7CMgZGjVBqjRwRw6pwS6j1/tI0utkQ/LBU4Jugc7bMBqyd2bPjgZDu4z6KYfT2lkrNUCvVXA=="
    }
  }
}
